
Microsoft Visual Studio Solution File, Format Version 12.00
# Visual Studio Version 17
VisualStudioVersion = 17.14.36811.4 d17.14
MinimumVisualStudioVersion = 10.0.40219.1
Project("{FAE04EC0-301F-11D3-BF4B-00C04F79EFBC}") = "Desafios", "Desafios\Desafios.csproj", "{37BCE5AB-A289-4AF2-9281-F3D01369D458}"
EndProject
Global
	GlobalSection(SolutionConfigurationPlatforms) = preSolution
		Debug|Any CPU = Debug|Any CPU
		Release|Any CPU = Release|Any CPU
	EndGlobalSection
	GlobalSection(ProjectConfigurationPlatforms) = postSolution
		{37BCE5AB-A289-4AF2-9281-F3D01369D458}.Debug|Any CPU.ActiveCfg = Debug|Any CPU
		{37BCE5AB-A289-4AF2-9281-F3D01369D458}.Debug|Any CPU.Build.0 = Debug|Any CPU
		{37BCE5AB-A289-4AF2-9281-F3D01369D458}.Release|Any CPU.ActiveCfg = Release|Any CPU
		{37BCE5AB-A289-4AF2-9281-F3D01369D458}.Release|Any CPU.Build.0 = Release|Any CPU
	EndGlobalSection
	GlobalSection(SolutionProperties) = preSolution
		HideSolutionNode = FALSE
	EndGlobalSection
	GlobalSection(ExtensibilityGlobals) = postSolution
		SolutionGuid = {C68751BE-36ED-4FB9-8FF2-ECBC94EFB38A}
	EndGlobalSection
EndGlobal
